// !$*UTF8*$!
{
	archiveVersion = 1;
	classes = {
	};
	objectVersion = 56;
	objects = {

/* Begin PBXBuildFile section */
		84CD678A2A3910DF00E2351C /* AppDelegate.swift in Sources */ = {isa = PBXBuildFile; fileRef = 84CD67892A3910DF00E2351C /* AppDelegate.swift */; };
		84CD678E2A3910DF00E2351C /* ViewController.swift in Sources */ = {isa = PBXBuildFile; fileRef = 84CD678D2A3910DF00E2351C /* ViewController.swift */; };
		84CD67932A3910DF00E2351C /* Assets.xcassets in Resources */ = {isa = PBXBuildFile; fileRef = 84CD67922A3910DF00E2351C /* Assets.xcassets */; };
		84CD67962A3910DF00E2351C /* LaunchScreen.storyboard in Resources */ = {isa = PBXBuildFile; fileRef = 84CD67942A3910DF00E2351C /* LaunchScreen.storyboard */; };
		84CD67A12A3910E000E2351C /* PeopleGeneratorTests.swift in Sources */ = {isa = PBXBuildFile; fileRef = 84CD67A02A3910E000E2351C /* PeopleGeneratorTests.swift */; };
		84CD67AB2A3910E000E2351C /* PeopleGeneratorUITests.swift in Sources */ = {isa = PBXBuildFile; fileRef = 84CD67AA2A3910E000E2351C /* PeopleGeneratorUITests.swift */; };
		84CD67AD2A3910E000E2351C /* PeopleGeneratorUITestsLaunchTests.swift in Sources */ = {isa = PBXBuildFile; fileRef = 84CD67AC2A3910E000E2351C /* PeopleGeneratorUITestsLaunchTests.swift */; };
/* End PBXBuildFile section */

/* Begin PBXContainerItemProxy section */
		84CD679D2A3910E000E2351C /* PBXContainerItemProxy */ = {
			isa = PBXContainerItemProxy;
			containerPortal = 84CD677E2A3910DF00E2351C /* Project object */;
			proxyType = 1;
			remoteGlobalIDString = 84CD67852A3910DF00E2351C;
			remoteInfo = PeopleGenerator;
		};
		84CD67A72A3910E000E2351C /* PBXContainerItemProxy */ = {
			isa = PBXContainerItemProxy;
			containerPortal = 84CD677E2A3910DF00E2351C /* Project object */;
			proxyType = 1;
			remoteGlobalIDString = 84CD67852A3910DF00E2351C;
			remoteInfo = PeopleGenerator;
		};
/* End PBXContainerItemProxy section */

/* Begin PBXFileReference section */
		84CD67862A3910DF00E2351C /* PeopleGenerator.app */ = {isa = PBXFileReference; explicitFileType = wrapper.application; includeInIndex = 0; path = PeopleGenerator.app; sourceTree = BUILT_PRODUCTS_DIR; };
		84CD67892A3910DF00E2351C /* AppDelegate.swift */ = {isa = PBXFileReference; lastKnownFileType = sourcecode.swift; path = AppDelegate.swift; sourceTree = "<group>"; };
		84CD678D2A3910DF00E2351C /* ViewController.swift */ = {isa = PBXFileReference; lastKnownFileType = sourcecode.swift; path = ViewController.swift; sourceTree = "<group>"; };
		84CD67922A3910DF00E2351C /* Assets.xcassets */ = {isa = PBXFileReference; lastKnownFileType = folder.assetcatalog; path = Assets.xcassets; sourceTree = "<group>"; };
		84CD67952A3910DF00E2351C /* Base */ = {isa = PBXFileReference; lastKnownFileType = file.storyboard; name = Base; path = Base.lproj/LaunchScreen.storyboard; sourceTree = "<group>"; };
		84CD67972A3910DF00E2351C /* Info.plist */ = {isa = PBXFileReference; lastKnownFileType = text.plist.xml; path = Info.plist; sourceTree = "<group>"; };
		84CD679C2A3910E000E2351C /* PeopleGeneratorTests.xctest */ = {isa = PBXFileReference; explicitFileType = wrapper.cfbundle; includeInIndex = 0; path = PeopleGeneratorTests.xctest; sourceTree = BUILT_PRODUCTS_DIR; };
		84CD67A02A3910E000E2351C /* PeopleGeneratorTests.swift */ = {isa = PBXFileReference; lastKnownFileType = sourcecode.swift; path = PeopleGeneratorTests.swift; sourceTree = "<group>"; };
		84CD67A62A3910E000E2351C /* PeopleGeneratorUITests.xctest */ = {isa = PBXFileReference; explicitFileType = wrapper.cfbundle; includeInIndex = 0; path = PeopleGeneratorUITests.xctest; sourceTree = BUILT_PRODUCTS_DIR; };
		84CD67AA2A3910E000E2351C /* PeopleGeneratorUITests.swift */ = {isa = PBXFileReference; lastKnownFileType = sourcecode.swift; path = PeopleGeneratorUITests.swift; sourceTree = "<group>"; };
		84CD67AC2A3910E000E2351C /* PeopleGeneratorUITestsLaunchTests.swift */ = {isa = PBXFileReference; lastKnownFileType = sourcecode.swift; path = PeopleGeneratorUITestsLaunchTests.swift; sourceTree = "<group>"; };
/* End PBXFileReference section */

/* Begin PBXFrameworksBuildPhase section */
		84CD67832A3910DF00E2351C /* Frameworks */ = {
			isa = PBXFrameworksBuildPhase;
			buildActionMask = 2147483647;
			files = (
			);
			runOnlyForDeploymentPostprocessing = 0;
		};
		84CD67992A3910E000E2351C /* Frameworks */ = {
			isa = PBXFrameworksBuildPhase;
			buildActionMask = 2147483647;
			files = (
			);
			runOnlyForDeploymentPostprocessing = 0;
		};
		84CD67A32A3910E000E2351C /* Frameworks */ = {
			isa = PBXFrameworksBuildPhase;
			buildActionMask = 2147483647;
			files = (
			);
			runOnlyForDeploymentPostprocessing = 0;
		};
/* End PBXFrameworksBuildPhase section */

/* Begin PBXGroup section */
		84CD677D2A3910DF00E2351C = {
			isa = PBXGroup;
			children = (
				84CD67882A3910DF00E2351C /* PeopleGenerator */,
				84CD679F2A3910E000E2351C /* PeopleGeneratorTests */,
				84CD67A92A3910E000E2351C /* PeopleGeneratorUITests */,
				84CD67872A3910DF00E2351C /* Products */,
			);
			sourceTree = "<group>";
		};
		84CD67872A3910DF00E2351C /* Products */ = {
			isa = PBXGroup;
			children = (
				84CD67862A3910DF00E2351C /* PeopleGenerator.app */,
				84CD679C2A3910E000E2351C /* PeopleGeneratorTests.xctest */,
				84CD67A62A3910E000E2351C /* PeopleGeneratorUITests.xctest */,
			);
			name = Products;
			sourceTree = "<group>";
		};
		84CD67882A3910DF00E2351C /* PeopleGenerator */ = {
			isa = PBXGroup;
			children = (
				84CD67892A3910DF00E2351C /* AppDelegate.swift */,
				84CD678D2A3910DF00E2351C /* ViewController.swift */,
				84CD67922A3910DF00E2351C /* Assets.xcassets */,
				84CD67942A3910DF00E2351C /* LaunchScreen.storyboard */,
				84CD67972A3910DF00E2351C /* Info.plist */,
			);
			path = PeopleGenerator;
			sourceTree = "<group>";
		};
		84CD679F2A3910E000E2351C /* PeopleGeneratorTests */ = {
			isa = PBXGroup;
			children = (
				84CD67A02A3910E000E2351C /* PeopleGeneratorTests.swift */,
			);
			path = PeopleGeneratorTests;
			sourceTree = "<group>";
		};
		84CD67A92A3910E000E2351C /* PeopleGeneratorUITests */ = {
			isa = PBXGroup;
			children = (
				84CD67AA2A3910E000E2351C /* PeopleGeneratorUITests.swift */,
				84CD67AC2A3910E000E2351C /* PeopleGeneratorUITestsLaunchTests.swift */,
			);
			path = PeopleGeneratorUITests;
			sourceTree = "<group>";
		};
/* End PBXGroup section */

/* Begin PBXNativeTarget section */
		84CD67852A3910DF00E2351C /* PeopleGenerator */ = {
			isa = PBXNativeTarget;
			buildConfigurationList = 84CD67B02A3910E000E2351C /* Build configuration list for PBXNativeTarget "PeopleGenerator" */;
			buildPhases = (
				84CD67822A3910DF00E2351C /* Sources */,
				84CD67832A3910DF00E2351C /* Frameworks */,
				84CD67842A3910DF00E2351C /* Resources */,
			);
			buildRules = (
			);
			dependencies = (
			);
			name = PeopleGenerator;
			productName = PeopleGenerator;
			productReference = 84CD67862A3910DF00E2351C /* PeopleGenerator.app */;
			productType = "com.apple.product-type.application";
		};
		84CD679B2A3910E000E2351C /* PeopleGeneratorTests */ = {
			isa = PBXNativeTarget;
			buildConfigurationList = 84CD67B32A3910E000E2351C /* Build configuration list for PBXNativeTarget "PeopleGeneratorTests" */;
			buildPhases = (
				84CD67982A3910E000E2351C /* Sources */,
				84CD67992A3910E000E2351C /* Frameworks */,
				84CD679A2A3910E000E2351C /* Resources */,
			);
			buildRules = (
			);
			dependencies = (
				84CD679E2A3910E000E2351C /* PBXTargetDependency */,
			);
			name = PeopleGeneratorTests;
			productName = PeopleGeneratorTests;
			productReference = 84CD679C2A3910E000E2351C /* PeopleGeneratorTests.xctest */;
			productType = "com.apple.product-type.bundle.unit-test";
		};
		84CD67A52A3910E000E2351C /* PeopleGeneratorUITests */ = {
			isa = PBXNativeTarget;
			buildConfigurationList = 84CD67B62A3910E000E2351C /* Build configuration list for PBXNativeTarget "PeopleGeneratorUITests" */;
			buildPhases = (
				84CD67A22A3910E000E2351C /* Sources */,
				84CD67A32A3910E000E2351C /* Frameworks */,
				84CD67A42A3910E000E2351C /* Resources */,
			);
			buildRules = (
			);
			dependencies = (
				84CD67A82A3910E000E2351C /* PBXTargetDependency */,
			);
			name = PeopleGeneratorUITests;
			productName = PeopleGeneratorUITests;
			productReference = 84CD67A62A3910E000E2351C /* PeopleGeneratorUITests.xctest */;
			productType = "com.apple.product-type.bundle.ui-testing";
		};
/* End PBXNativeTarget section */

/* Begin PBXProject section */
		84CD677E2A3910DF00E2351C /* Project object */ = {
			isa = PBXProject;
			attributes = {
				BuildIndependentTargetsInParallel = 1;
				LastSwiftUpdateCheck = 1420;
				LastUpgradeCheck = 1420;
				TargetAttributes = {
					84CD67852A3910DF00E2351C = {
						CreatedOnToolsVersion = 14.2;
					};
					84CD679B2A3910E000E2351C = {
						CreatedOnToolsVersion = 14.2;
						TestTargetID = 84CD67852A3910DF00E2351C;
					};
					84CD67A52A3910E000E2351C = {
						CreatedOnToolsVersion = 14.2;
						TestTargetID = 84CD67852A3910DF00E2351C;
					};
				};
			};
			buildConfigurationList = 84CD67812A3910DF00E2351C /* Build configuration list for PBXProject "PeopleGenerator" */;
			compatibilityVersion = "Xcode 14.0";
			developmentRegion = en;
			hasScannedForEncodings = 0;
			knownRegions = (
				en,
				Base,
			);
			mainGroup = 84CD677D2A3910DF00E2351C;
			productRefGroup = 84CD67872A3910DF00E2351C /* Products */;
			projectDirPath = "";
			projectRoot = "";
			targets = (
				84CD67852A3910DF00E2351C /* PeopleGenerator */,
				84CD679B2A3910E000E2351C /* PeopleGeneratorTests */,
				84CD67A52A3910E000E2351C /* PeopleGeneratorUITests */,
			);
		};
/* End PBXProject section */

/* Begin PBXResourcesBuildPhase section */
		84CD67842A3910DF00E2351C /* Resources */ = {
			isa = PBXResourcesBuildPhase;
			buildActionMask = 2147483647;
			files = (
				84CD67962A3910DF00E2351C /* LaunchScreen.storyboard in Resources */,
				84CD67932A3910DF00E2351C /* Assets.xcassets in Resources */,
			);
			runOnlyForDeploymentPostprocessing = 0;
		};
		84CD679A2A3910E000E2351C /* Resources */ = {
			isa = PBXResourcesBuildPhase;
			buildActionMask = 2147483647;
			files = (
			);
			runOnlyForDeploymentPostprocessing = 0;
		};
		84CD67A42A3910E000E2351C /* Resources */ = {
			isa = PBXResourcesBuildPhase;
			buildActionMask = 2147483647;
			files = (
			);
			runOnlyForDeploymentPostprocessing = 0;
		};
/* End PBXResourcesBuildPhase section */

/* Begin PBXSourcesBuildPhase section */
		84CD67822A3910DF00E2351C /* Sources */ = {
			isa = PBXSourcesBuildPhase;
			buildActionMask = 2147483647;
			files = (
				84CD678E2A3910DF00E2351C /* ViewController.swift in Sources */,
				84CD678A2A3910DF00E2351C /* AppDelegate.swift in Sources */,
			);
			runOnlyForDeploymentPostprocessing = 0;
		};
		84CD67982A3910E000E2351C /* Sources */ = {
			isa = PBXSourcesBuildPhase;
			buildActionMask = 2147483647;
			files = (
				84CD67A12A3910E000E2351C /* PeopleGeneratorTests.swift in Sources */,
			);
			runOnlyForDeploymentPostprocessing = 0;
		};
		84CD67A22A3910E000E2351C /* Sources */ = {
			isa = PBXSourcesBuildPhase;
			buildActionMask = 2147483647;
			files = (
				84CD67AB2A3910E000E2351C /* PeopleGeneratorUITests.swift in Sources */,
				84CD67AD2A3910E000E2351C /* PeopleGeneratorUITestsLaunchTests.swift in Sources */,
			);
			runOnlyForDeploymentPostprocessing = 0;
		};
/* End PBXSourcesBuildPhase section */

/* Begin PBXTargetDependency section */
		84CD679E2A3910E000E2351C /* PBXTargetDependency */ = {
			isa = PBXTargetDependency;
			target = 84CD67852A3910DF00E2351C /* PeopleGenerator */;
			targetProxy = 84CD679D2A3910E000E2351C /* PBXContainerItemProxy */;
		};
		84CD67A82A3910E000E2351C /* PBXTargetDependency */ = {
			isa = PBXTargetDependency;
			target = 84CD67852A3910DF00E2351C /* PeopleGenerator */;
			targetProxy = 84CD67A72A3910E000E2351C /* PBXContainerItemProxy */;
		};
/* End PBXTargetDependency section */

/* Begin PBXVariantGroup section */
		84CD67942A3910DF00E2351C /* LaunchScreen.storyboard */ = {
			isa = PBXVariantGroup;
			children = (
				84CD67952A3910DF00E2351C /* Base */,
			);
			name = LaunchScreen.storyboard;
			sourceTree = "<group>";
		};
/* End PBXVariantGroup section */

/* Begin XCBuildConfiguration section */
		84CD67AE2A3910E000E2351C /* Debug */ = {
			isa = XCBuildConfiguration;
			buildSettings = {
				ALWAYS_SEARCH_USER_PATHS = NO;
				CLANG_ANALYZER_NONNULL = YES;
				CLANG_ANALYZER_NUMBER_OBJECT_CONVERSION = YES_AGGRESSIVE;
				CLANG_CXX_LANGUAGE_STANDARD = "gnu++20";
				CLANG_ENABLE_MODULES = YES;
				CLANG_ENABLE_OBJC_ARC = YES;
				CLANG_ENABLE_OBJC_WEAK = YES;
				CLANG_WARN_BLOCK_CAPTURE_AUTORELEASING = YES;
				CLANG_WARN_BOOL_CONVERSION = YES;
				CLANG_WARN_COMMA = YES;
				CLANG_WARN_CONSTANT_CONVERSION = YES;
				CLANG_WARN_DEPRECATED_OBJC_IMPLEMENTATIONS = YES;
				CLANG_WARN_DIRECT_OBJC_ISA_USAGE = YES_ERROR;
				CLANG_WARN_DOCUMENTATION_COMMENTS = YES;
				CLANG_WARN_EMPTY_BODY = YES;
				CLANG_WARN_ENUM_CONVERSION = YES;
				CLANG_WARN_INFINITE_RECURSION = YES;
				CLANG_WARN_INT_CONVERSION = YES;
				CLANG_WARN_NON_LITERAL_NULL_CONVERSION = YES;
				CLANG_WARN_OBJC_IMPLICIT_RETAIN_SELF = YES;
				CLANG_WARN_OBJC_LITERAL_CONVERSION = YES;
				CLANG_WARN_OBJC_ROOT_CLASS = YES_ERROR;
				CLANG_WARN_QUOTED_INCLUDE_IN_FRAMEWORK_HEADER = YES;
				CLANG_WARN_RANGE_LOOP_ANALYSIS = YES;
				CLANG_WARN_STRICT_PROTOTYPES = YES;
				CLANG_WARN_SUSPICIOUS_MOVE = YES;
				CLANG_WARN_UNGUARDED_AVAILABILITY = YES_AGGRESSIVE;
				CLANG_WARN_UNREACHABLE_CODE = YES;
				CLANG_WARN__DUPLICATE_METHOD_MATCH = YES;
				COPY_PHASE_STRIP = NO;
				DEBUG_INFORMATION_FORMAT = dwarf;
				ENABLE_STRICT_OBJC_MSGSEND = YES;
				ENABLE_TESTABILITY = YES;
				GCC_C_LANGUAGE_STANDARD = gnu11;
				GCC_DYNAMIC_NO_PIC = NO;
				GCC_NO_COMMON_BLOCKS = YES;
				GCC_OPTIMIZATION_LEVEL = 0;
				GCC_PREPROCESSOR_DEFINITIONS = (
					"DEBUG=1",
					"$(inherited)",
				);
				GCC_WARN_64_TO_32_BIT_CONVERSION = YES;
				GCC_WARN_ABOUT_RETURN_TYPE = YES_ERROR;
				GCC_WARN_UNDECLARED_SELECTOR = YES;
				GCC_WARN_UNINITIALIZED_AUTOS = YES_AGGRESSIVE;
				GCC_WARN_UNUSED_FUNCTION = YES;
				GCC_WARN_UNUSED_VARIABLE = YES;
				IPHONEOS_DEPLOYMENT_TARGET = 16.2;
				MTL_ENABLE_DEBUG_INFO = INCLUDE_SOURCE;
				MTL_FAST_MATH = YES;
				ONLY_ACTIVE_ARCH = YES;
				SDKROOT = iphoneos;
				SWIFT_ACTIVE_COMPILATION_CONDITIONS = DEBUG;
				SWIFT_OPTIMIZATION_LEVEL = "-Onone";
			};
			name = Debug;
		};
		84CD67AF2A3910E000E2351C /* Release */ = {
			isa = XCBuildConfiguration;
			buildSettings = {
				ALWAYS_SEARCH_USER_PATHS = NO;
				CLANG_ANALYZER_NONNULL = YES;
				CLANG_ANALYZER_NUMBER_OBJECT_CONVERSION = YES_AGGRESSIVE;
				CLANG_CXX_LANGUAGE_STANDARD = "gnu++20";
				CLANG_ENABLE_MODULES = YES;
				CLANG_ENABLE_OBJC_ARC = YES;
				CLANG_ENABLE_OBJC_WEAK = YES;
				CLANG_WARN_BLOCK_CAPTURE_AUTORELEASING = YES;
				CLANG_WARN_BOOL_CONVERSION = YES;
				CLANG_WARN_COMMA = YES;
				CLANG_WARN_CONSTANT_CONVERSION = YES;
				CLANG_WARN_DEPRECATED_OBJC_IMPLEMENTATIONS = YES;
				CLANG_WARN_DIRECT_OBJC_ISA_USAGE = YES_ERROR;
				CLANG_WARN_DOCUMENTATION_COMMENTS = YES;
				CLANG_WARN_EMPTY_BODY = YES;
				CLANG_WARN_ENUM_CONVERSION = YES;
				CLANG_WARN_INFINITE_RECURSION = YES;
				CLANG_WARN_INT_CONVERSION = YES;
				CLANG_WARN_NON_LITERAL_NULL_CONVERSION = YES;
				CLANG_WARN_OBJC_IMPLICIT_RETAIN_SELF = YES;
				CLANG_WARN_OBJC_LITERAL_CONVERSION = YES;
				CLANG_WARN_OBJC_ROOT_CLASS = YES_ERROR;
				CLANG_WARN_QUOTED_INCLUDE_IN_FRAMEWORK_HEADER = YES;
				CLANG_WARN_RANGE_LOOP_ANALYSIS = YES;
				CLANG_WARN_STRICT_PROTOTYPES = YES;
				CLANG_WARN_SUSPICIOUS_MOVE = YES;
				CLANG_WARN_UNGUARDED_AVAILABILITY = YES_AGGRESSIVE;
				CLANG_WARN_UNREACHABLE_CODE = YES;
				CLANG_WARN__DUPLICATE_METHOD_MATCH = YES;
				COPY_PHASE_STRIP = NO;
				DEBUG_INFORMATION_FORMAT = "dwarf-with-dsym";
				ENABLE_NS_ASSERTIONS = NO;
				ENABLE_STRICT_OBJC_MSGSEND = YES;
				GCC_C_LANGUAGE_STANDARD = gnu11;
				GCC_NO_COMMON_BLOCKS = YES;
				GCC_WARN_64_TO_32_BIT_CONVERSION = YES;
				GCC_WARN_ABOUT_RETURN_TYPE = YES_ERROR;
				GCC_WARN_UNDECLARED_SELECTOR = YES;
				GCC_WARN_UNINITIALIZED_AUTOS = YES_AGGRESSIVE;
				GCC_WARN_UNUSED_FUNCTION = YES;
				GCC_WARN_UNUSED_VARIABLE = YES;
				IPHONEOS_DEPLOYMENT_TARGET = 16.2;
				MTL_ENABLE_DEBUG_INFO = NO;
				MTL_FAST_MATH = YES;
				SDKROOT = iphoneos;
				SWIFT_COMPILATION_MODE = wholemodule;
				SWIFT_OPTIMIZATION_LEVEL = "-O";
				VALIDATE_PRODUCT = YES;
			};
			name = Release;
		};
		84CD67B12A3910E000E2351C /* Debug */ = {
			isa = XCBuildConfiguration;
			buildSettings = {
				ASSETCATALOG_COMPILER_APPICON_NAME = AppIcon;
				ASSETCATALOG_COMPILER_GLOBAL_ACCENT_COLOR_NAME = AccentColor;
				CODE_SIGN_STYLE = Automatic;
				CURRENT_PROJECT_VERSION = 1;
				DEVELOPMENT_TEAM = R2B98N6BH8;
				GENERATE_INFOPLIST_FILE = YES;
				INFOPLIST_FILE = PeopleGenerator/Info.plist;
				INFOPLIST_KEY_UIApplicationSupportsIndirectInputEvents = YES;
				INFOPLIST_KEY_UILaunchStoryboardName = LaunchScreen;
				INFOPLIST_KEY_UISupportedInterfaceOrientations_iPad = "UIInterfaceOrientationPortrait UIInterfaceOrientationPortraitUpsideDown UIInterfaceOrientationLandscapeLeft UIInterfaceOrientationLandscapeRight";
				INFOPLIST_KEY_UISupportedInterfaceOrientations_iPhone = "UIInterfaceOrientationPortrait UIInterfaceOrientationLandscapeLeft UIInterfaceOrientationLandscapeRight";
				LD_RUNPATH_SEARCH_PATHS = (
					"$(inherited)",
					"@executable_path/Frameworks",
				);
				MARKETING_VERSION = 1.0;
				PRODUCT_BUNDLE_IDENTIFIER = com.oguzhankabul.PeopleGenerator;
				PRODUCT_NAME = "$(TARGET_NAME)";
				SWIFT_EMIT_LOC_STRINGS = YES;
				SWIFT_VERSION = 5.0;
				TARGETED_DEVICE_FAMILY = "1,2";
			};
			name = Debug;
		};
		84CD67B22A3910E000E2351C /* Release */ = {
			isa = XCBuildConfiguration;
			buildSettings = {
				ASSETCATALOG_COMPILER_APPICON_NAME = AppIcon;
				ASSETCATALOG_COMPILER_GLOBAL_ACCENT_COLOR_NAME = AccentColor;
				CODE_SIGN_STYLE = Automatic;
				CURRENT_PROJECT_VERSION = 1;
				DEVELOPMENT_TEAM = R2B98N6BH8;
				GENERATE_INFOPLIST_FILE = YES;
				INFOPLIST_FILE = PeopleGenerator/Info.plist;
				INFOPLIST_KEY_UIApplicationSupportsIndirectInputEvents = YES;
				INFOPLIST_KEY_UILaunchStoryboardName = LaunchScreen;
				INFOPLIST_KEY_UISupportedInterfaceOrientations_iPad = "UIInterfaceOrientationPortrait UIInterfaceOrientationPortraitUpsideDown UIInterfaceOrientationLandscapeLeft UIInterfaceOrientationLandscapeRight";
				INFOPLIST_KEY_UISupportedInterfaceOrientations_iPhone = "UIInterfaceOrientationPortrait UIInterfaceOrientationLandscapeLeft UIInterfaceOrientationLandscapeRight";
				LD_RUNPATH_SEARCH_PATHS = (
					"$(inherited)",
					"@executable_path/Frameworks",
				);
				MARKETING_VERSION = 1.0;
				PRODUCT_BUNDLE_IDENTIFIER = com.oguzhankabul.PeopleGenerator;
				PRODUCT_NAME = "$(TARGET_NAME)";
				SWIFT_EMIT_LOC_STRINGS = YES;
				SWIFT_VERSION = 5.0;
				TARGETED_DEVICE_FAMILY = "1,2";
			};
			name = Release;
		};
		84CD67B42A3910E000E2351C /* Debug */ = {
			isa = XCBuildConfiguration;
			buildSettings = {
				ALWAYS_EMBED_SWIFT_STANDARD_LIBRARIES = YES;
				BUNDLE_LOADER = "$(TEST_HOST)";
				CODE_SIGN_STYLE = Automatic;
				CURRENT_PROJECT_VERSION = 1;
				DEVELOPMENT_TEAM = R2B98N6BH8;
				GENERATE_INFOPLIST_FILE = YES;
				IPHONEOS_DEPLOYMENT_TARGET = 16.2;
				MARKETING_VERSION = 1.0;
				PRODUCT_BUNDLE_IDENTIFIER = com.oguzhankabul.PeopleGeneratorTests;
				PRODUCT_NAME = "$(TARGET_NAME)";
				SWIFT_EMIT_LOC_STRINGS = NO;
				SWIFT_VERSION = 5.0;
				TARGETED_DEVICE_FAMILY = "1,2";
				TEST_HOST = "$(BUILT_PRODUCTS_DIR)/PeopleGenerator.app/$(BUNDLE_EXECUTABLE_FOLDER_PATH)/PeopleGenerator";
			};
			name = Debug;
		};
		84CD67B52A3910E000E2351C /* Release */ = {
			isa = XCBuildConfiguration;
			buildSettings = {
				ALWAYS_EMBED_SWIFT_STANDARD_LIBRARIES = YES;
				BUNDLE_LOADER = "$(TEST_HOST)";
				CODE_SIGN_STYLE = Automatic;
				CURRENT_PROJECT_VERSION = 1;
				DEVELOPMENT_TEAM = R2B98N6BH8;
				GENERATE_INFOPLIST_FILE = YES;
				IPHONEOS_DEPLOYMENT_TARGET = 16.2;
				MARKETING_VERSION = 1.0;
				PRODUCT_BUNDLE_IDENTIFIER = com.oguzhankabul.PeopleGeneratorTests;
				PRODUCT_NAME = "$(TARGET_NAME)";
				SWIFT_EMIT_LOC_STRINGS = NO;
				SWIFT_VERSION = 5.0;
				TARGETED_DEVICE_FAMILY = "1,2";
				TEST_HOST = "$(BUILT_PRODUCTS_DIR)/PeopleGenerator.app/$(BUNDLE_EXECUTABLE_FOLDER_PATH)/PeopleGenerator";
			};
			name = Release;
		};
		84CD67B72A3910E000E2351C /* Debug */ = {
			isa = XCBuildConfiguration;
			buildSettings = {
				ALWAYS_EMBED_SWIFT_STANDARD_LIBRARIES = YES;
				CODE_SIGN_STYLE = Automatic;
				CURRENT_PROJECT_VERSION = 1;
				DEVELOPMENT_TEAM = R2B98N6BH8;
				GENERATE_INFOPLIST_FILE = YES;
				MARKETING_VERSION = 1.0;
				PRODUCT_BUNDLE_IDENTIFIER = com.oguzhankabul.PeopleGeneratorUITests;
				PRODUCT_NAME = "$(TARGET_NAME)";
				SWIFT_EMIT_LOC_STRINGS = NO;
				SWIFT_VERSION = 5.0;
				TARGETED_DEVICE_FAMILY = "1,2";
				TEST_TARGET_NAME = PeopleGenerator;
			};
			name = Debug;
		};
		84CD67B82A3910E000E2351C /* Release */ = {
			isa = XCBuildConfiguration;
			buildSettings = {
				ALWAYS_EMBED_SWIFT_STANDARD_LIBRARIES = YES;
				CODE_SIGN_STYLE = Automatic;
				CURRENT_PROJECT_VERSION = 1;
				DEVELOPMENT_TEAM = R2B98N6BH8;
				GENERATE_INFOPLIST_FILE = YES;
				MARKETING_VERSION = 1.0;
				PRODUCT_BUNDLE_IDENTIFIER = com.oguzhankabul.PeopleGeneratorUITests;
				PRODUCT_NAME = "$(TARGET_NAME)";
				SWIFT_EMIT_LOC_STRINGS = NO;
				SWIFT_VERSION = 5.0;
				TARGETED_DEVICE_FAMILY = "1,2";
				TEST_TARGET_NAME = PeopleGenerator;
			};
			name = Release;
		};
/* End XCBuildConfiguration section */

/* Begin XCConfigurationList section */
		84CD67812A3910DF00E2351C /* Build configuration list for PBXProject "PeopleGenerator" */ = {
			isa = XCConfigurationList;
			buildConfigurations = (
				84CD67AE2A3910E000E2351C /* Debug */,
				84CD67AF2A3910E000E2351C /* Release */,
			);
			defaultConfigurationIsVisible = 0;
			defaultConfigurationName = Release;
		};
		84CD67B02A3910E000E2351C /* Build configuration list for PBXNativeTarget "PeopleGenerator" */ = {
			isa = XCConfigurationList;
			buildConfigurations = (
				84CD67B12A3910E000E2351C /* Debug */,
				84CD67B22A3910E000E2351C /* Release */,
			);
			defaultConfigurationIsVisible = 0;
			defaultConfigurationName = Release;
		};
		84CD67B32A3910E000E2351C /* Build configuration list for PBXNativeTarget "PeopleGeneratorTests" */ = {
			isa = XCConfigurationList;
			buildConfigurations = (
				84CD67B42A3910E000E2351C /* Debug */,
				84CD67B52A3910E000E2351C /* Release */,
			);
			defaultConfigurationIsVisible = 0;
			defaultConfigurationName = Release;
		};
		84CD67B62A3910E000E2351C /* Build configuration list for PBXNativeTarget "PeopleGeneratorUITests" */ = {
			isa = XCConfigurationList;
			buildConfigurations = (
				84CD67B72A3910E000E2351C /* Debug */,
				84CD67B82A3910E000E2351C /* Release */,
			);
			defaultConfigurationIsVisible = 0;
			defaultConfigurationName = Release;
		};
/* End XCConfigurationList section */
	};
	rootObject = 84CD677E2A3910DF00E2351C /* Project object */;
}
